
Microsoft Visual Studio Solution File, Format Version 12.00
# Visual Studio Version 17
VisualStudioVersion = 17.7.34221.43
MinimumVisualStudioVersion = 10.0.40219.1
Project("{FAE04EC0-301F-11D3-BF4B-00C04F79EFBC}") = "12_2", "12_2.csproj", "{5865D4D6-2249-4989-ACEA-8D89286F6E54}"
EndProject
Global
	GlobalSection(SolutionConfigurationPlatforms) = preSolution
		Debug|Any CPU = Debug|Any CPU
		Release|Any CPU = Release|Any CPU
	EndGlobalSection
	GlobalSection(ProjectConfigurationPlatforms) = postSolution
		{5865D4D6-2249-4989-ACEA-8D89286F6E54}.Debug|Any CPU.ActiveCfg = Debug|Any CPU
		{5865D4D6-2249-4989-ACEA-8D89286F6E54}.Debug|Any CPU.Build.0 = Debug|Any CPU
		{5865D4D6-2249-4989-ACEA-8D89286F6E54}.Release|Any CPU.ActiveCfg = Release|Any CPU
		{5865D4D6-2249-4989-ACEA-8D89286F6E54}.Release|Any CPU.Build.0 = Release|Any CPU
	EndGlobalSection
	GlobalSection(SolutionProperties) = preSolution
		HideSolutionNode = FALSE
	EndGlobalSection
	GlobalSection(ExtensibilityGlobals) = postSolution
		SolutionGuid = {8D2A3E47-D72D-4109-8132-BE2A0792CB90}
	EndGlobalSection
EndGlobal
